{
  "name": "febs",
  "version": "0.3.6",
  "lockfileVersion": 1,
  "requires": true,
  "dependencies": {
    "keypress": {
      "version": "0.2.1",
      "resolved": "http://registry.npm.taobao.org/keypress/download/keypress-0.2.1.tgz",
      "integrity": "sha1-HoBFQlABjbrUw/6USX1uZ7YmnHc="
    },
    "term-canvas": {
      "version": "0.0.5",
      "resolved": "http://registry.npm.taobao.org/term-canvas/download/term-canvas-0.0.5.tgz",
      "integrity": "sha1-WXr6wvpjaabxeGC86cX2bW6gypY="
    },
    "term-list": {
      "version": "0.2.1",
      "resolved": "http://registry.npm.taobao.org/term-list/download/term-list-0.2.1.tgz",
      "integrity": "sha1-qxaEhnafQORr26jyLfKCnOrz2eM=",
      "requires": {
        "keypress": "0.2.1",
        "term-canvas": "0.0.5"
      }
    }
  }
}
